Microsoft Visual Studio Solution File, Format Version 11.00
# Visual Studio 2008

Project("{9978628C-2390-7A79-5842-EDA1850C9242}") = "Eyes Of Fire 2.0 07-03", "Assembly-CSharp.csproj", "{C32DB6C0-A451-0F4B-5D84-EF89F3916CE2}"
EndProject
Global
	GlobalSection(SolutionConfigurationPlatforms) = preSolution
		Debug|Any CPU = Debug|Any CPU
		Release|Any CPU = Release|Any CPU
	EndGlobalSection
	GlobalSection(ProjectConfigurationPlatforms) = postSolution
		{C32DB6C0-A451-0F4B-5D84-EF89F3916CE2}.Debug|Any CPU.ActiveCfg = Debug|Any CPU
		{C32DB6C0-A451-0F4B-5D84-EF89F3916CE2}.Debug|Any CPU.Build.0 = Debug|Any CPU
		{C32DB6C0-A451-0F4B-5D84-EF89F3916CE2}.Release|Any CPU.ActiveCfg = Release|Any CPU
		{C32DB6C0-A451-0F4B-5D84-EF89F3916CE2}.Release|Any CPU.Build.0 = Release|Any CPU
	EndGlobalSection
	GlobalSection(SolutionProperties) = preSolution
		HideSolutionNode = FALSE
	EndGlobalSection
	
EndGlobal
