
Microsoft Visual Studio Solution File, Format Version 12.00
# Visual Studio 2013
Project("{FAE04EC0-301F-11D3-BF4B-00C04F79EFBC}") = "UnityVS.Eyes Of Fire 2.0 07-03.CSharp", "UnityVS.Eyes Of Fire 2.0 07-03.CSharp.csproj", "{D95D6634-C2DD-7704-9F8C-2778177CE6B1}"
EndProject
Global
	GlobalSection(SolutionConfigurationPlatforms) = preSolution
		Debug|Any CPU = Debug|Any CPU
		Release|Any CPU = Release|Any CPU
	EndGlobalSection
	GlobalSection(ProjectConfigurationPlatforms) = postSolution
		{D95D6634-C2DD-7704-9F8C-2778177CE6B1}.Debug|Any CPU.ActiveCfg = Debug|Any CPU
		{D95D6634-C2DD-7704-9F8C-2778177CE6B1}.Debug|Any CPU.Build.0 = Debug|Any CPU
		{D95D6634-C2DD-7704-9F8C-2778177CE6B1}.Release|Any CPU.ActiveCfg = Release|Any CPU
		{D95D6634-C2DD-7704-9F8C-2778177CE6B1}.Release|Any CPU.Build.0 = Release|Any CPU
	EndGlobalSection
	GlobalSection(SolutionProperties) = preSolution
		HideSolutionNode = FALSE
	EndGlobalSection
EndGlobal
